
Microsoft Visual Studio Solution File, Format Version 12.00
# Visual Studio Version 17
VisualStudioVersion = 17.9.34728.123
MinimumVisualStudioVersion = 10.0.40219.1
Project("{FAE04EC0-301F-11D3-BF4B-00C04F79EFBC}") = "DataCekme", "DataCekme\DataCekme.csproj", "{50B7A857-637D-4775-8629-B8A0A1F6908F}"
EndProject
Global
	GlobalSection(SolutionConfigurationPlatforms) = preSolution
		Debug|Any CPU = Debug|Any CPU
		Release|Any CPU = Release|Any CPU
	EndGlobalSection
	GlobalSection(ProjectConfigurationPlatforms) = postSolution
		{50B7A857-637D-4775-8629-B8A0A1F6908F}.Debug|Any CPU.ActiveCfg = Debug|Any CPU
		{50B7A857-637D-4775-8629-B8A0A1F6908F}.Debug|Any CPU.Build.0 = Debug|Any CPU
		{50B7A857-637D-4775-8629-B8A0A1F6908F}.Release|Any CPU.ActiveCfg = Release|Any CPU
		{50B7A857-637D-4775-8629-B8A0A1F6908F}.Release|Any CPU.Build.0 = Release|Any CPU
	EndGlobalSection
	GlobalSection(SolutionProperties) = preSolution
		HideSolutionNode = FALSE
	EndGlobalSection
	GlobalSection(ExtensibilityGlobals) = postSolution
		SolutionGuid = {912A2FAF-0157-4269-B003-B1B196E2A31B}
	EndGlobalSection
EndGlobal
